// !$*UTF8*$!
{
	archiveVersion = 1;
	classes = {
	};
	objectVersion = 48;
	objects = {

/* Begin PBXBuildFile section */
		4BAD27FDA09E0AE232E4F44F /* Pods_InstagramFinalProjectTests.framework in Frameworks */ = {isa = PBXBuildFile; fileRef = CD23E14949385368CE188C8F /* Pods_InstagramFinalProjectTests.framework */; };
		5B16CB822064625600A0DBCC /* AppDelegate.swift in Sources */ = {isa = PBXBuildFile; fileRef = 5B16CB812064625600A0DBCC /* AppDelegate.swift */; };
		5B16CB842064625600A0DBCC /* ViewController.swift in Sources */ = {isa = PBXBuildFile; fileRef = 5B16CB832064625600A0DBCC /* ViewController.swift */; };
		5B16CB872064625600A0DBCC /* Main.storyboard in Resources */ = {isa = PBXBuildFile; fileRef = 5B16CB852064625600A0DBCC /* Main.storyboard */; };
		5B16CB8A2064625600A0DBCC /* InstagramFinalProject.xcdatamodeld in Sources */ = {isa = PBXBuildFile; fileRef = 5B16CB882064625600A0DBCC /* InstagramFinalProject.xcdatamodeld */; };
		5B16CB8C2064625600A0DBCC /* Assets.xcassets in Resources */ = {isa = PBXBuildFile; fileRef = 5B16CB8B2064625600A0DBCC /* Assets.xcassets */; };
		5B16CB8F2064625600A0DBCC /* LaunchScreen.storyboard in Resources */ = {isa = PBXBuildFile; fileRef = 5B16CB8D2064625600A0DBCC /* LaunchScreen.storyboard */; };
		5B16CB9A2064625600A0DBCC /* InstagramFinalProjectTests.swift in Sources */ = {isa = PBXBuildFile; fileRef = 5B16CB992064625600A0DBCC /* InstagramFinalProjectTests.swift */; };
		5B16CBA52064625600A0DBCC /* InstagramFinalProjectUITests.swift in Sources */ = {isa = PBXBuildFile; fileRef = 5B16CBA42064625600A0DBCC /* InstagramFinalProjectUITests.swift */; };
		5B181FB02071BD3E005A1FD1 /* Comment.swift in Sources */ = {isa = PBXBuildFile; fileRef = 5B181FAF2071BD3E005A1FD1 /* Comment.swift */; };
		5B181FB22071C1FB005A1FD1 /* commentTableViewCell.swift in Sources */ = {isa = PBXBuildFile; fileRef = 5B181FB12071C1FB005A1FD1 /* commentTableViewCell.swift */; };
		5B181FB42071ED7F005A1FD1 /* Location.swift in Sources */ = {isa = PBXBuildFile; fileRef = 5B181FB32071ED7E005A1FD1 /* Location.swift */; };
		5B550384206573D7008BC053 /* CollectionViewCell.swift in Sources */ = {isa = PBXBuildFile; fileRef = 5B550383206573D7008BC053 /* CollectionViewCell.swift */; };
		5B5F1D7320658C9400684539 /* GoogleService-Info.plist in Resources */ = {isa = PBXBuildFile; fileRef = 5B5F1D7220658C9400684539 /* GoogleService-Info.plist */; };
		5B5F1D7520658E8600684539 /* signupViewController.swift in Sources */ = {isa = PBXBuildFile; fileRef = 5B5F1D7420658E8600684539 /* signupViewController.swift */; };
		5B5F1D792065D40300684539 /* LoginViewController.swift in Sources */ = {isa = PBXBuildFile; fileRef = 5B5F1D782065D40300684539 /* LoginViewController.swift */; };
		5B5F1D7B2065E6EF00684539 /* tabbarViewController.swift in Sources */ = {isa = PBXBuildFile; fileRef = 5B5F1D7A2065E6EF00684539 /* tabbarViewController.swift */; };
		5B5F1D7D2065FE8900684539 /* OpenImageViewController.swift in Sources */ = {isa = PBXBuildFile; fileRef = 5B5F1D7C2065FE8900684539 /* OpenImageViewController.swift */; };
		5B64BB3F206F160900F2195A /* Post.swift in Sources */ = {isa = PBXBuildFile; fileRef = 5B64BB3E206F160900F2195A /* Post.swift */; };
		5B64BB41206F1AB100F2195A /* newPostViewController.swift in Sources */ = {isa = PBXBuildFile; fileRef = 5B64BB40206F1AB100F2195A /* newPostViewController.swift */; };
		5B97CD7E206ECAD9009737A1 /* mapViewController.swift in Sources */ = {isa = PBXBuildFile; fileRef = 5B97CD7D206ECAD9009737A1 /* mapViewController.swift */; };
		5BF3167520686624009B74AB /* UpdatePostViewController.swift in Sources */ = {isa = PBXBuildFile; fileRef = 5BF3167420686624009B74AB /* UpdatePostViewController.swift */; };
		9B00BFAD80037AB426CB14CF /* Pods_InstagramFinalProjectUITests.framework in Frameworks */ = {isa = PBXBuildFile; fileRef = FDBAD1462E4A432FA8983917 /* Pods_InstagramFinalProjectUITests.framework */; };
		E1D0CDA737C8C481FC4DF56D /* Pods_InstagramFinalProject.framework in Frameworks */ = {isa = PBXBuildFile; fileRef = F92A29A98060CFE80ADE5652 /* Pods_InstagramFinalProject.framework */; };
		E60F704F2072861F00261C2A /* FollowersTableViewController.swift in Sources */ = {isa = PBXBuildFile; fileRef = E60F704E2072861F00261C2A /* FollowersTableViewController.swift */; };
		E60F70512072866000261C2A /* Followers.swift in Sources */ = {isa = PBXBuildFile; fileRef = E60F70502072866000261C2A /* Followers.swift */; };
		E60F70532072867500261C2A /* FollowersCell.swift in Sources */ = {isa = PBXBuildFile; fileRef = E60F70522072867500261C2A /* FollowersCell.swift */; };
		E67A88F02070289700382E4B /* PostSearchTableViewController.swift in Sources */ = {isa = PBXBuildFile; fileRef = E67A88EF2070289700382E4B /* PostSearchTableViewController.swift */; };
		E67A88F2207083B600382E4B /* FindUsersTableViewController.swift in Sources */ = {isa = PBXBuildFile; fileRef = E67A88F1207083B600382E4B /* FindUsersTableViewController.swift */; };
		E67A88F4207083E000382E4B /* User.swift in Sources */ = {isa = PBXBuildFile; fileRef = E67A88F3207083E000382E4B /* User.swift */; };
		E67A88F62070956300382E4B /* UserCell.swift in Sources */ = {isa = PBXBuildFile; fileRef = E67A88F52070956300382E4B /* UserCell.swift */; };
		E67A88F8207097EE00382E4B /* FindUsersViewController.swift in Sources */ = {isa = PBXBuildFile; fileRef = E67A88F7207097EE00382E4B /* FindUsersViewController.swift */; };
		E6A2647E20718DC600673136 /* FollowingsTableViewController.swift in Sources */ = {isa = PBXBuildFile; fileRef = E6A2647D20718DC500673136 /* FollowingsTableViewController.swift */; };
		E6A2648020718E4400673136 /* FollowingsCell.swift in Sources */ = {isa = PBXBuildFile; fileRef = E6A2647F20718E4400673136 /* FollowingsCell.swift */; };
		E6A2648220718EDC00673136 /* Followings.swift in Sources */ = {isa = PBXBuildFile; fileRef = E6A2648120718EDC00673136 /* Followings.swift */; };
/* End PBXBuildFile section */

/* Begin PBXContainerItemProxy section */
		5B16CB962064625600A0DBCC /* PBXContainerItemProxy */ = {
			isa = PBXContainerItemProxy;
			containerPortal = 5B16CB762064625600A0DBCC /* Project object */;
			proxyType = 1;
			remoteGlobalIDString = 5B16CB7D2064625600A0DBCC;
			remoteInfo = InstagramFinalProject;
		};
		5B16CBA12064625600A0DBCC /* PBXContainerItemProxy */ = {
			isa = PBXContainerItemProxy;
			containerPortal = 5B16CB762064625600A0DBCC /* Project object */;
			proxyType = 1;
			remoteGlobalIDString = 5B16CB7D2064625600A0DBCC;
			remoteInfo = InstagramFinalProject;
		};
/* End PBXContainerItemProxy section */

/* Begin PBXFileReference section */
		1379D8676382456D1DF5E145 /* Pods-InstagramFinalProjectTests.release.xcconfig */ = {isa = PBXFileReference; includeInIndex = 1; lastKnownFileType = text.xcconfig; name = "Pods-InstagramFinalProjectTests.release.xcconfig"; path = "Pods/Target Support Files/Pods-InstagramFinalProjectTests/Pods-InstagramFinalProjectTests.release.xcconfig"; sourceTree = "<group>"; };
		2C8DF6809F88D676EDA6D56A /* Pods-InstagramFinalProjectUITests.debug.xcconfig */ = {isa = PBXFileReference; includeInIndex = 1; lastKnownFileType = text.xcconfig; name = "Pods-InstagramFinalProjectUITests.debug.xcconfig"; path = "Pods/Target Support Files/Pods-InstagramFinalProjectUITests/Pods-InstagramFinalProjectUITests.debug.xcconfig"; sourceTree = "<group>"; };
		58D9BDD29FA1CCEF67F38FA8 /* Pods-InstagramFinalProject.release.xcconfig */ = {isa = PBXFileReference; includeInIndex = 1; lastKnownFileType = text.xcconfig; name = "Pods-InstagramFinalProject.release.xcconfig"; path = "Pods/Target Support Files/Pods-InstagramFinalProject/Pods-InstagramFinalProject.release.xcconfig"; sourceTree = "<group>"; };
		5B16CB7E2064625600A0DBCC /* InstagramFinalProject.app */ = {isa = PBXFileReference; explicitFileType = wrapper.application; includeInIndex = 0; path = InstagramFinalProject.app; sourceTree = BUILT_PRODUCTS_DIR; };
		5B16CB812064625600A0DBCC /* AppDelegate.swift */ = {isa = PBXFileReference; lastKnownFileType = sourcecode.swift; path = AppDelegate.swift; sourceTree = "<group>"; };
		5B16CB832064625600A0DBCC /* ViewController.swift */ = {isa = PBXFileReference; lastKnownFileType = sourcecode.swift; path = ViewController.swift; sourceTree = "<group>"; };
		5B16CB862064625600A0DBCC /* Base */ = {isa = PBXFileReference; lastKnownFileType = file.storyboard; name = Base; path = Base.lproj/Main.storyboard; sourceTree = "<group>"; };
		5B16CB892064625600A0DBCC /* InstagramFinalProject.xcdatamodel */ = {isa = PBXFileReference; lastKnownFileType = wrapper.xcdatamodel; path = InstagramFinalProject.xcdatamodel; sourceTree = "<group>"; };
		5B16CB8B2064625600A0DBCC /* Assets.xcassets */ = {isa = PBXFileReference; lastKnownFileType = folder.assetcatalog; path = Assets.xcassets; sourceTree = "<group>"; };
		5B16CB8E2064625600A0DBCC /* Base */ = {isa = PBXFileReference; lastKnownFileType = file.storyboard; name = Base; path = Base.lproj/LaunchScreen.storyboard; sourceTree = "<group>"; };
		5B16CB902064625600A0DBCC /* Info.plist */ = {isa = PBXFileReference; lastKnownFileType = text.plist.xml; path = Info.plist; sourceTree = "<group>"; };
		5B16CB952064625600A0DBCC /* InstagramFinalProjectTests.xctest */ = {isa = PBXFileReference; explicitFileType = wrapper.cfbundle; includeInIndex = 0; path = InstagramFinalProjectTests.xctest; sourceTree = BUILT_PRODUCTS_DIR; };
		5B16CB992064625600A0DBCC /* InstagramFinalProjectTests.swift */ = {isa = PBXFileReference; lastKnownFileType = sourcecode.swift; path = InstagramFinalProjectTests.swift; sourceTree = "<group>"; };
		5B16CB9B2064625600A0DBCC /* Info.plist */ = {isa = PBXFileReference; lastKnownFileType = text.plist.xml; path = Info.plist; sourceTree = "<group>"; };
		5B16CBA02064625600A0DBCC /* InstagramFinalProjectUITests.xctest */ = {isa = PBXFileReference; explicitFileType = wrapper.cfbundle; includeInIndex = 0; path = InstagramFinalProjectUITests.xctest; sourceTree = BUILT_PRODUCTS_DIR; };
		5B16CBA42064625600A0DBCC /* InstagramFinalProjectUITests.swift */ = {isa = PBXFileReference; lastKnownFileType = sourcecode.swift; path = InstagramFinalProjectUITests.swift; sourceTree = "<group>"; };
		5B16CBA62064625600A0DBCC /* Info.plist */ = {isa = PBXFileReference; lastKnownFileType = text.plist.xml; path = Info.plist; sourceTree = "<group>"; };
		5B181FAF2071BD3E005A1FD1 /* Comment.swift */ = {isa = PBXFileReference; lastKnownFileType = sourcecode.swift; path = Comment.swift; sourceTree = "<group>"; };
		5B181FB12071C1FB005A1FD1 /* commentTableViewCell.swift */ = {isa = PBXFileReference; lastKnownFileType = sourcecode.swift; path = commentTableViewCell.swift; sourceTree = "<group>"; };
		5B181FB32071ED7E005A1FD1 /* Location.swift */ = {isa = PBXFileReference; fileEncoding = 4; lastKnownFileType = sourcecode.swift; path = Location.swift; sourceTree = "<group>"; };
		5B550383206573D7008BC053 /* CollectionViewCell.swift */ = {isa = PBXFileReference; lastKnownFileType = sourcecode.swift; path = CollectionViewCell.swift; sourceTree = "<group>"; };
		5B5F1D7220658C9400684539 /* GoogleService-Info.plist */ = {isa = PBXFileReference; fileEncoding = 4; lastKnownFileType = text.plist.xml; path = "GoogleService-Info.plist"; sourceTree = "<group>"; };
		5B5F1D7420658E8600684539 /* signupViewController.swift */ = {isa = PBXFileReference; lastKnownFileType = sourcecode.swift; path = signupViewController.swift; sourceTree = "<group>"; };
		5B5F1D782065D40300684539 /* LoginViewController.swift */ = {isa = PBXFileReference; lastKnownFileType = sourcecode.swift; path = LoginViewController.swift; sourceTree = "<group>"; };
		5B5F1D7A2065E6EF00684539 /* tabbarViewController.swift */ = {isa = PBXFileReference; lastKnownFileType = sourcecode.swift; path = tabbarViewController.swift; sourceTree = "<group>"; };
		5B5F1D7C2065FE8900684539 /* OpenImageViewController.swift */ = {isa = PBXFileReference; lastKnownFileType = sourcecode.swift; path = OpenImageViewController.swift; sourceTree = "<group>"; };
		5B64BB3E206F160900F2195A /* Post.swift */ = {isa = PBXFileReference; lastKnownFileType = sourcecode.swift; path = Post.swift; sourceTree = "<group>"; };
		5B64BB40206F1AB100F2195A /* newPostViewController.swift */ = {isa = PBXFileReference; lastKnownFileType = sourcecode.swift; path = newPostViewController.swift; sourceTree = "<group>"; };
		5B97CD7D206ECAD9009737A1 /* mapViewController.swift */ = {isa = PBXFileReference; lastKnownFileType = sourcecode.swift; path = mapViewController.swift; sourceTree = "<group>"; };
		5BF3167420686624009B74AB /* UpdatePostViewController.swift */ = {isa = PBXFileReference; lastKnownFileType = sourcecode.swift; path = UpdatePostViewController.swift; sourceTree = "<group>"; };
		B53003DF3497DA4F24E745F6 /* Pods-InstagramFinalProjectUITests.release.xcconfig */ = {isa = PBXFileReference; includeInIndex = 1; lastKnownFileType = text.xcconfig; name = "Pods-InstagramFinalProjectUITests.release.xcconfig"; path = "Pods/Target Support Files/Pods-InstagramFinalProjectUITests/Pods-InstagramFinalProjectUITests.release.xcconfig"; sourceTree = "<group>"; };
		CD23E14949385368CE188C8F /* Pods_InstagramFinalProjectTests.framework */ = {isa = PBXFileReference; explicitFileType = wrapper.framework; includeInIndex = 0; path = Pods_InstagramFinalProjectTests.framework; sourceTree = BUILT_PRODUCTS_DIR; };
		CF8B66F3105E24338353425D /* Pods-InstagramFinalProjectTests.debug.xcconfig */ = {isa = PBXFileReference; includeInIndex = 1; lastKnownFileType = text.xcconfig; name = "Pods-InstagramFinalProjectTests.debug.xcconfig"; path = "Pods/Target Support Files/Pods-InstagramFinalProjectTests/Pods-InstagramFinalProjectTests.debug.xcconfig"; sourceTree = "<group>"; };
		E60F704E2072861F00261C2A /* FollowersTableViewController.swift */ = {isa = PBXFileReference; lastKnownFileType = sourcecode.swift; path = FollowersTableViewController.swift; sourceTree = "<group>"; };
		E60F70502072866000261C2A /* Followers.swift */ = {isa = PBXFileReference; lastKnownFileType = sourcecode.swift; path = Followers.swift; sourceTree = "<group>"; };
		E60F70522072867500261C2A /* FollowersCell.swift */ = {isa = PBXFileReference; lastKnownFileType = sourcecode.swift; path = FollowersCell.swift; sourceTree = "<group>"; };
		E67A88EF2070289700382E4B /* PostSearchTableViewController.swift */ = {isa = PBXFileReference; lastKnownFileType = sourcecode.swift; path = PostSearchTableViewController.swift; sourceTree = "<group>"; };
		E67A88F1207083B600382E4B /* FindUsersTableViewController.swift */ = {isa = PBXFileReference; lastKnownFileType = sourcecode.swift; path = FindUsersTableViewController.swift; sourceTree = "<group>"; };
		E67A88F3207083E000382E4B /* User.swift */ = {isa = PBXFileReference; lastKnownFileType = sourcecode.swift; path = User.swift; sourceTree = "<group>"; };
		E67A88F52070956300382E4B /* UserCell.swift */ = {isa = PBXFileReference; lastKnownFileType = sourcecode.swift; path = UserCell.swift; sourceTree = "<group>"; };
		E67A88F7207097EE00382E4B /* FindUsersViewController.swift */ = {isa = PBXFileReference; lastKnownFileType = sourcecode.swift; path = FindUsersViewController.swift; sourceTree = "<group>"; };
		E6A2647D20718DC500673136 /* FollowingsTableViewController.swift */ = {isa = PBXFileReference; lastKnownFileType = sourcecode.swift; path = FollowingsTableViewController.swift; sourceTree = "<group>"; };
		E6A2647F20718E4400673136 /* FollowingsCell.swift */ = {isa = PBXFileReference; lastKnownFileType = sourcecode.swift; path = FollowingsCell.swift; sourceTree = "<group>"; };
		E6A2648120718EDC00673136 /* Followings.swift */ = {isa = PBXFileReference; lastKnownFileType = sourcecode.swift; path = Followings.swift; sourceTree = "<group>"; };
		EFCB9E61FBB797C0917BD53B /* Pods-InstagramFinalProject.debug.xcconfig */ = {isa = PBXFileReference; includeInIndex = 1; lastKnownFileType = text.xcconfig; name = "Pods-InstagramFinalProject.debug.xcconfig"; path = "Pods/Target Support Files/Pods-InstagramFinalProject/Pods-InstagramFinalProject.debug.xcconfig"; sourceTree = "<group>"; };
		F92A29A98060CFE80ADE5652 /* Pods_InstagramFinalProject.framework */ = {isa = PBXFileReference; explicitFileType = wrapper.framework; includeInIndex = 0; path = Pods_InstagramFinalProject.framework; sourceTree = BUILT_PRODUCTS_DIR; };
		FDBAD1462E4A432FA8983917 /* Pods_InstagramFinalProjectUITests.framework */ = {isa = PBXFileReference; explicitFileType = wrapper.framework; includeInIndex = 0; path = Pods_InstagramFinalProjectUITests.framework; sourceTree = BUILT_PRODUCTS_DIR; };
/* End PBXFileReference section */

/* Begin PBXFrameworksBuildPhase section */
		5B16CB7B2064625600A0DBCC /* Frameworks */ = {
			isa = PBXFrameworksBuildPhase;
			buildActionMask = 2147483647;
			files = (
				E1D0CDA737C8C481FC4DF56D /* Pods_InstagramFinalProject.framework in Frameworks */,
			);
			runOnlyForDeploymentPostprocessing = 0;
		};
		5B16CB922064625600A0DBCC /* Frameworks */ = {
			isa = PBXFrameworksBuildPhase;
			buildActionMask = 2147483647;
			files = (
				4BAD27FDA09E0AE232E4F44F /* Pods_InstagramFinalProjectTests.framework in Frameworks */,
			);
			runOnlyForDeploymentPostprocessing = 0;
		};
		5B16CB9D2064625600A0DBCC /* Frameworks */ = {
			isa = PBXFrameworksBuildPhase;
			buildActionMask = 2147483647;
			files = (
				9B00BFAD80037AB426CB14CF /* Pods_InstagramFinalProjectUITests.framework in Frameworks */,
			);
			runOnlyForDeploymentPostprocessing = 0;
		};
/* End PBXFrameworksBuildPhase section */

/* Begin PBXGroup section */
		5B16CB752064625600A0DBCC = {
			isa = PBXGroup;
			children = (
				5B16CB802064625600A0DBCC /* InstagramFinalProject */,
				5B16CB982064625600A0DBCC /* InstagramFinalProjectTests */,
				5B16CBA32064625600A0DBCC /* InstagramFinalProjectUITests */,
				5B16CB7F2064625600A0DBCC /* Products */,
				EDC8F143877763AE7A24686F /* Pods */,
				DE39F0048D994F7D356F94F4 /* Frameworks */,
			);
			sourceTree = "<group>";
		};
		5B16CB7F2064625600A0DBCC /* Products */ = {
			isa = PBXGroup;
			children = (
				5B16CB7E2064625600A0DBCC /* InstagramFinalProject.app */,
				5B16CB952064625600A0DBCC /* InstagramFinalProjectTests.xctest */,
				5B16CBA02064625600A0DBCC /* InstagramFinalProjectUITests.xctest */,
			);
			name = Products;
			sourceTree = "<group>";
		};
		5B16CB802064625600A0DBCC /* InstagramFinalProject */ = {
			isa = PBXGroup;
			children = (
				5B16CB812064625600A0DBCC /* AppDelegate.swift */,
				5B181FB32071ED7E005A1FD1 /* Location.swift */,
				5B16CB832064625600A0DBCC /* ViewController.swift */,
				5B64BB3E206F160900F2195A /* Post.swift */,
				5B181FAF2071BD3E005A1FD1 /* Comment.swift */,
				5B5F1D7A2065E6EF00684539 /* tabbarViewController.swift */,
				5B16CB852064625600A0DBCC /* Main.storyboard */,
				5B64BB40206F1AB100F2195A /* newPostViewController.swift */,
				5B97CD7D206ECAD9009737A1 /* mapViewController.swift */,
				5B5F1D7C2065FE8900684539 /* OpenImageViewController.swift */,
				5B5F1D7420658E8600684539 /* signupViewController.swift */,
				5B550383206573D7008BC053 /* CollectionViewCell.swift */,
				5B181FB12071C1FB005A1FD1 /* commentTableViewCell.swift */,
				5B5F1D782065D40300684539 /* LoginViewController.swift */,
				5B16CB8B2064625600A0DBCC /* Assets.xcassets */,
				5B16CB8D2064625600A0DBCC /* LaunchScreen.storyboard */,
				5B16CB902064625600A0DBCC /* Info.plist */,
				5B5F1D7220658C9400684539 /* GoogleService-Info.plist */,
				5B16CB882064625600A0DBCC /* InstagramFinalProject.xcdatamodeld */,
				5BF3167420686624009B74AB /* UpdatePostViewController.swift */,
				E67A88F1207083B600382E4B /* FindUsersTableViewController.swift */,
				E67A88F3207083E000382E4B /* User.swift */,
				E67A88F52070956300382E4B /* UserCell.swift */,
				E67A88F7207097EE00382E4B /* FindUsersViewController.swift */,
				E6A2647D20718DC500673136 /* FollowingsTableViewController.swift */,
				E67A88EF2070289700382E4B /* PostSearchTableViewController.swift */,
				E6A2647F20718E4400673136 /* FollowingsCell.swift */,
				E6A2648120718EDC00673136 /* Followings.swift */,
				E60F704E2072861F00261C2A /* FollowersTableViewController.swift */,
				E60F70502072866000261C2A /* Followers.swift */,
				E60F70522072867500261C2A /* FollowersCell.swift */,
			);
			path = InstagramFinalProject;
			sourceTree = "<group>";
		};
		5B16CB982064625600A0DBCC /* InstagramFinalProjectTests */ = {
			isa = PBXGroup;
			children = (
				5B16CB992064625600A0DBCC /* InstagramFinalProjectTests.swift */,
				5B16CB9B2064625600A0DBCC /* Info.plist */,
			);
			path = InstagramFinalProjectTests;
			sourceTree = "<group>";
		};
		5B16CBA32064625600A0DBCC /* InstagramFinalProjectUITests */ = {
			isa = PBXGroup;
			children = (
				5B16CBA42064625600A0DBCC /* InstagramFinalProjectUITests.swift */,
				5B16CBA62064625600A0DBCC /* Info.plist */,
			);
			path = InstagramFinalProjectUITests;
			sourceTree = "<group>";
		};
		DE39F0048D994F7D356F94F4 /* Frameworks */ = {
			isa = PBXGroup;
			children = (
				F92A29A98060CFE80ADE5652 /* Pods_InstagramFinalProject.framework */,
				CD23E14949385368CE188C8F /* Pods_InstagramFinalProjectTests.framework */,
				FDBAD1462E4A432FA8983917 /* Pods_InstagramFinalProjectUITests.framework */,
			);
			name = Frameworks;
			sourceTree = "<group>";
		};
		EDC8F143877763AE7A24686F /* Pods */ = {
			isa = PBXGroup;
			children = (
				EFCB9E61FBB797C0917BD53B /* Pods-InstagramFinalProject.debug.xcconfig */,
				58D9BDD29FA1CCEF67F38FA8 /* Pods-InstagramFinalProject.release.xcconfig */,
				CF8B66F3105E24338353425D /* Pods-InstagramFinalProjectTests.debug.xcconfig */,
				1379D8676382456D1DF5E145 /* Pods-InstagramFinalProjectTests.release.xcconfig */,
				2C8DF6809F88D676EDA6D56A /* Pods-InstagramFinalProjectUITests.debug.xcconfig */,
				B53003DF3497DA4F24E745F6 /* Pods-InstagramFinalProjectUITests.release.xcconfig */,
			);
			name = Pods;
			sourceTree = "<group>";
		};
/* End PBXGroup section */

/* Begin PBXNativeTarget section */
		5B16CB7D2064625600A0DBCC /* InstagramFinalProject */ = {
			isa = PBXNativeTarget;
			buildConfigurationList = 5B16CBA92064625600A0DBCC /* Build configuration list for PBXNativeTarget "InstagramFinalProject" */;
			buildPhases = (
				C45146806053C1F0A74E7358 /* [CP] Check Pods Manifest.lock */,
				5B16CB7A2064625600A0DBCC /* Sources */,
				5B16CB7B2064625600A0DBCC /* Frameworks */,
				5B16CB7C2064625600A0DBCC /* Resources */,
				10425166F26C617FBD39D0D8 /* [CP] Embed Pods Frameworks */,
				A3EEC36367AD04CEB6853FD5 /* [CP] Copy Pods Resources */,
			);
			buildRules = (
			);
			dependencies = (
			);
			name = InstagramFinalProject;
			productName = InstagramFinalProject;
			productReference = 5B16CB7E2064625600A0DBCC /* InstagramFinalProject.app */;
			productType = "com.apple.product-type.application";
		};
		5B16CB942064625600A0DBCC /* InstagramFinalProjectTests */ = {
			isa = PBXNativeTarget;
			buildConfigurationList = 5B16CBAC2064625600A0DBCC /* Build configuration list for PBXNativeTarget "InstagramFinalProjectTests" */;
			buildPhases = (
				49D06E7C0606139A94B4B65B /* [CP] Check Pods Manifest.lock */,
				5B16CB912064625600A0DBCC /* Sources */,
				5B16CB922064625600A0DBCC /* Frameworks */,
				5B16CB932064625600A0DBCC /* Resources */,
				AD76A89A5DBE8E4C828D959E /* [CP] Embed Pods Frameworks */,
				0733482A0D43F0983E4A4BCF /* [CP] Copy Pods Resources */,
			);
			buildRules = (
			);
			dependencies = (
				5B16CB972064625600A0DBCC /* PBXTargetDependency */,
			);
			name = InstagramFinalProjectTests;
			productName = InstagramFinalProjectTests;
			productReference = 5B16CB952064625600A0DBCC /* InstagramFinalProjectTests.xctest */;
			productType = "com.apple.product-type.bundle.unit-test";
		};
		5B16CB9F2064625600A0DBCC /* InstagramFinalProjectUITests */ = {
			isa = PBXNativeTarget;
			buildConfigurationList = 5B16CBAF2064625600A0DBCC /* Build configuration list for PBXNativeTarget "InstagramFinalProjectUITests" */;
			buildPhases = (
				76A7D67D8E8BC32B4ED4A891 /* [CP] Check Pods Manifest.lock */,
				5B16CB9C2064625600A0DBCC /* Sources */,
				5B16CB9D2064625600A0DBCC /* Frameworks */,
				5B16CB9E2064625600A0DBCC /* Resources */,
				E849CCE4B8923E63766D00A4 /* [CP] Embed Pods Frameworks */,
				EA1EFF962DF7C4C83D4248D9 /* [CP] Copy Pods Resources */,
			);
			buildRules = (
			);
			dependencies = (
				5B16CBA22064625600A0DBCC /* PBXTargetDependency */,
			);
			name = InstagramFinalProjectUITests;
			productName = InstagramFinalProjectUITests;
			productReference = 5B16CBA02064625600A0DBCC /* InstagramFinalProjectUITests.xctest */;
			productType = "com.apple.product-type.bundle.ui-testing";
		};
/* End PBXNativeTarget section */

/* Begin PBXProject section */
		5B16CB762064625600A0DBCC /* Project object */ = {
			isa = PBXProject;
			attributes = {
				LastSwiftUpdateCheck = 0920;
				LastUpgradeCheck = 0920;
				ORGANIZATIONNAME = "surinder pal singh sidhu";
				TargetAttributes = {
					5B16CB7D2064625600A0DBCC = {
						CreatedOnToolsVersion = 9.2;
						LastSwiftMigration = 0920;
						ProvisioningStyle = Automatic;
					};
					5B16CB942064625600A0DBCC = {
						CreatedOnToolsVersion = 9.2;
						ProvisioningStyle = Automatic;
						TestTargetID = 5B16CB7D2064625600A0DBCC;
					};
					5B16CB9F2064625600A0DBCC = {
						CreatedOnToolsVersion = 9.2;
						ProvisioningStyle = Automatic;
						TestTargetID = 5B16CB7D2064625600A0DBCC;
					};
				};
			};
			buildConfigurationList = 5B16CB792064625600A0DBCC /* Build configuration list for PBXProject "InstagramFinalProject" */;
			compatibilityVersion = "Xcode 8.0";
			developmentRegion = en;
			hasScannedForEncodings = 0;
			knownRegions = (
				en,
				Base,
			);
			mainGroup = 5B16CB752064625600A0DBCC;
			productRefGroup = 5B16CB7F2064625600A0DBCC /* Products */;
			projectDirPath = "";
			projectRoot = "";
			targets = (
				5B16CB7D2064625600A0DBCC /* InstagramFinalProject */,
				5B16CB942064625600A0DBCC /* InstagramFinalProjectTests */,
				5B16CB9F2064625600A0DBCC /* InstagramFinalProjectUITests */,
			);
		};
/* End PBXProject section */

/* Begin PBXResourcesBuildPhase section */
		5B16CB7C2064625600A0DBCC /* Resources */ = {
			isa = PBXResourcesBuildPhase;
			buildActionMask = 2147483647;
			files = (
				5B16CB8F2064625600A0DBCC /* LaunchScreen.storyboard in Resources */,
				5B5F1D7320658C9400684539 /* GoogleService-Info.plist in Resources */,
				5B16CB8C2064625600A0DBCC /* Assets.xcassets in Resources */,
				5B16CB872064625600A0DBCC /* Main.storyboard in Resources */,
			);
			runOnlyForDeploymentPostprocessing = 0;
		};
		5B16CB932064625600A0DBCC /* Resources */ = {
			isa = PBXResourcesBuildPhase;
			buildActionMask = 2147483647;
			files = (
			);
			runOnlyForDeploymentPostprocessing = 0;
		};
		5B16CB9E2064625600A0DBCC /* Resources */ = {
			isa = PBXResourcesBuildPhase;
			buildActionMask = 2147483647;
			files = (
			);
			runOnlyForDeploymentPostprocessing = 0;
		};
/* End PBXResourcesBuildPhase section */

/* Begin PBXShellScriptBuildPhase section */
		0733482A0D43F0983E4A4BCF /* [CP] Copy Pods Resources */ = {
			isa = PBXShellScriptBuildPhase;
			buildActionMask = 2147483647;
			files = (
			);
			inputPaths = (
			);
			name = "[CP] Copy Pods Resources";
			outputPaths = (
			);
			runOnlyForDeploymentPostprocessing = 0;
			shellPath = /bin/sh;
			shellScript = "\"${SRCROOT}/Pods/Target Support Files/Pods-InstagramFinalProjectTests/Pods-InstagramFinalProjectTests-resources.sh\"\n";
			showEnvVarsInLog = 0;
		};
		10425166F26C617FBD39D0D8 /* [CP] Embed Pods Frameworks */ = {
			isa = PBXShellScriptBuildPhase;
			buildActionMask = 2147483647;
			files = (
			);
			inputPaths = (
				"${SRCROOT}/Pods/Target Support Files/Pods-InstagramFinalProject/Pods-InstagramFinalProject-frameworks.sh",
				"${BUILT_PRODUCTS_DIR}/GTMSessionFetcher/GTMSessionFetcher.framework",
				"${BUILT_PRODUCTS_DIR}/GoogleToolboxForMac/GoogleToolboxForMac.framework",
				"${BUILT_PRODUCTS_DIR}/SwiftyJSON/SwiftyJSON.framework",
				"${BUILT_PRODUCTS_DIR}/leveldb-library/leveldb.framework",
				"${BUILT_PRODUCTS_DIR}/nanopb/nanopb.framework",
			);
			name = "[CP] Embed Pods Frameworks";
			outputPaths = (
				"${TARGET_BUILD_DIR}/${FRAMEWORKS_FOLDER_PATH}/GTMSessionFetcher.framework",
				"${TARGET_BUILD_DIR}/${FRAMEWORKS_FOLDER_PATH}/GoogleToolboxForMac.framework",
				"${TARGET_BUILD_DIR}/${FRAMEWORKS_FOLDER_PATH}/SwiftyJSON.framework",
				"${TARGET_BUILD_DIR}/${FRAMEWORKS_FOLDER_PATH}/leveldb.framework",
				"${TARGET_BUILD_DIR}/${FRAMEWORKS_FOLDER_PATH}/nanopb.framework",
			);
			runOnlyForDeploymentPostprocessing = 0;
			shellPath = /bin/sh;
			shellScript = "\"${SRCROOT}/Pods/Target Support Files/Pods-InstagramFinalProject/Pods-InstagramFinalProject-frameworks.sh\"\n";
			showEnvVarsInLog = 0;
		};
		49D06E7C0606139A94B4B65B /* [CP] Check Pods Manifest.lock */ = {
			isa = PBXShellScriptBuildPhase;
			buildActionMask = 2147483647;
			files = (
			);
			inputPaths = (
				"${PODS_PODFILE_DIR_PATH}/Podfile.lock",
				"${PODS_ROOT}/Manifest.lock",
			);
			name = "[CP] Check Pods Manifest.lock";
			outputPaths = (
				"$(DERIVED_FILE_DIR)/Pods-InstagramFinalProjectTests-checkManifestLockResult.txt",
			);
			runOnlyForDeploymentPostprocessing = 0;
			shellPath = /bin/sh;
			shellScript = "diff \"${PODS_PODFILE_DIR_PATH}/Podfile.lock\" \"${PODS_ROOT}/Manifest.lock\" > /dev/null\nif [ $? != 0 ] ; then\n    # print error to STDERR\n    echo \"error: The sandbox is not in sync with the Podfile.lock. Run 'pod install' or update your CocoaPods installation.\" >&2\n    exit 1\nfi\n# This output is used by Xcode 'outputs' to avoid re-running this script phase.\necho \"SUCCESS\" > \"${SCRIPT_OUTPUT_FILE_0}\"\n";
			showEnvVarsInLog = 0;
		};
		76A7D67D8E8BC32B4ED4A891 /* [CP] Check Pods Manifest.lock */ = {
			isa = PBXShellScriptBuildPhase;
			buildActionMask = 2147483647;
			files = (
			);
			inputPaths = (
				"${PODS_PODFILE_DIR_PATH}/Podfile.lock",
				"${PODS_ROOT}/Manifest.lock",
			);
			name = "[CP] Check Pods Manifest.lock";
			outputPaths = (
				"$(DERIVED_FILE_DIR)/Pods-InstagramFinalProjectUITests-checkManifestLockResult.txt",
			);
			runOnlyForDeploymentPostprocessing = 0;
			shellPath = /bin/sh;
			shellScript = "diff \"${PODS_PODFILE_DIR_PATH}/Podfile.lock\" \"${PODS_ROOT}/Manifest.lock\" > /dev/null\nif [ $? != 0 ] ; then\n    # print error to STDERR\n    echo \"error: The sandbox is not in sync with the Podfile.lock. Run 'pod install' or update your CocoaPods installation.\" >&2\n    exit 1\nfi\n# This output is used by Xcode 'outputs' to avoid re-running this script phase.\necho \"SUCCESS\" > \"${SCRIPT_OUTPUT_FILE_0}\"\n";
			showEnvVarsInLog = 0;
		};
		A3EEC36367AD04CEB6853FD5 /* [CP] Copy Pods Resources */ = {
			isa = PBXShellScriptBuildPhase;
			buildActionMask = 2147483647;
			files = (
			);
			inputPaths = (
			);
			name = "[CP] Copy Pods Resources";
			outputPaths = (
			);
			runOnlyForDeploymentPostprocessing = 0;
			shellPath = /bin/sh;
			shellScript = "\"${SRCROOT}/Pods/Target Support Files/Pods-InstagramFinalProject/Pods-InstagramFinalProject-resources.sh\"\n";
			showEnvVarsInLog = 0;
		};
		AD76A89A5DBE8E4C828D959E /* [CP] Embed Pods Frameworks */ = {
			isa = PBXShellScriptBuildPhase;
			buildActionMask = 2147483647;
			files = (
			);
			inputPaths = (
			);
			name = "[CP] Embed Pods Frameworks";
			outputPaths = (
			);
			runOnlyForDeploymentPostprocessing = 0;
			shellPath = /bin/sh;
			shellScript = "\"${SRCROOT}/Pods/Target Support Files/Pods-InstagramFinalProjectTests/Pods-InstagramFinalProjectTests-frameworks.sh\"\n";
			showEnvVarsInLog = 0;
		};
		C45146806053C1F0A74E7358 /* [CP] Check Pods Manifest.lock */ = {
			isa = PBXShellScriptBuildPhase;
			buildActionMask = 2147483647;
			files = (
			);
			inputPaths = (
				"${PODS_PODFILE_DIR_PATH}/Podfile.lock",
				"${PODS_ROOT}/Manifest.lock",
			);
			name = "[CP] Check Pods Manifest.lock";
			outputPaths = (
				"$(DERIVED_FILE_DIR)/Pods-InstagramFinalProject-checkManifestLockResult.txt",
			);
			runOnlyForDeploymentPostprocessing = 0;
			shellPath = /bin/sh;
			shellScript = "diff \"${PODS_PODFILE_DIR_PATH}/Podfile.lock\" \"${PODS_ROOT}/Manifest.lock\" > /dev/null\nif [ $? != 0 ] ; then\n    # print error to STDERR\n    echo \"error: The sandbox is not in sync with the Podfile.lock. Run 'pod install' or update your CocoaPods installation.\" >&2\n    exit 1\nfi\n# This output is used by Xcode 'outputs' to avoid re-running this script phase.\necho \"SUCCESS\" > \"${SCRIPT_OUTPUT_FILE_0}\"\n";
			showEnvVarsInLog = 0;
		};
		E849CCE4B8923E63766D00A4 /* [CP] Embed Pods Frameworks */ = {
			isa = PBXShellScriptBuildPhase;
			buildActionMask = 2147483647;
			files = (
			);
			inputPaths = (
			);
			name = "[CP] Embed Pods Frameworks";
			outputPaths = (
			);
			runOnlyForDeploymentPostprocessing = 0;
			shellPath = /bin/sh;
			shellScript = "\"${SRCROOT}/Pods/Target Support Files/Pods-InstagramFinalProjectUITests/Pods-InstagramFinalProjectUITests-frameworks.sh\"\n";
			showEnvVarsInLog = 0;
		};
		EA1EFF962DF7C4C83D4248D9 /* [CP] Copy Pods Resources */ = {
			isa = PBXShellScriptBuildPhase;
			buildActionMask = 2147483647;
			files = (
			);
			inputPaths = (
			);
			name = "[CP] Copy Pods Resources";
			outputPaths = (
			);
			runOnlyForDeploymentPostprocessing = 0;
			shellPath = /bin/sh;
			shellScript = "\"${SRCROOT}/Pods/Target Support Files/Pods-InstagramFinalProjectUITests/Pods-InstagramFinalProjectUITests-resources.sh\"\n";
			showEnvVarsInLog = 0;
		};
/* End PBXShellScriptBuildPhase section */

/* Begin PBXSourcesBuildPhase section */
		5B16CB7A2064625600A0DBCC /* Sources */ = {
			isa = PBXSourcesBuildPhase;
			buildActionMask = 2147483647;
			files = (
				5B5F1D792065D40300684539 /* LoginViewController.swift in Sources */,
				5B181FB02071BD3E005A1FD1 /* Comment.swift in Sources */,
				5B64BB41206F1AB100F2195A /* newPostViewController.swift in Sources */,
				5B181FB22071C1FB005A1FD1 /* commentTableViewCell.swift in Sources */,
				5B16CB842064625600A0DBCC /* ViewController.swift in Sources */,
				E67A88F2207083B600382E4B /* FindUsersTableViewController.swift in Sources */,
				5B16CB822064625600A0DBCC /* AppDelegate.swift in Sources */,
				E6A2648220718EDC00673136 /* Followings.swift in Sources */,
				5B64BB3F206F160900F2195A /* Post.swift in Sources */,
				5B181FB42071ED7F005A1FD1 /* Location.swift in Sources */,
				E67A88F4207083E000382E4B /* User.swift in Sources */,
				E67A88F02070289700382E4B /* PostSearchTableViewController.swift in Sources */,
				5B5F1D7520658E8600684539 /* signupViewController.swift in Sources */,
				5B5F1D7D2065FE8900684539 /* OpenImageViewController.swift in Sources */,
				E60F70532072867500261C2A /* FollowersCell.swift in Sources */,
				5B550384206573D7008BC053 /* CollectionViewCell.swift in Sources */,
				5B97CD7E206ECAD9009737A1 /* mapViewController.swift in Sources */,
				E67A88F62070956300382E4B /* UserCell.swift in Sources */,
				E67A88F8207097EE00382E4B /* FindUsersViewController.swift in Sources */,
				5B16CB8A2064625600A0DBCC /* InstagramFinalProject.xcdatamodeld in Sources */,
				E60F704F2072861F00261C2A /* FollowersTableViewController.swift in Sources */,
				E60F70512072866000261C2A /* Followers.swift in Sources */,
				E6A2647E20718DC600673136 /* FollowingsTableViewController.swift in Sources */,
				E6A2648020718E4400673136 /* FollowingsCell.swift in Sources */,
				5B5F1D7B2065E6EF00684539 /* tabbarViewController.swift in Sources */,
				5BF3167520686624009B74AB /* UpdatePostViewController.swift in Sources */,
			);
			runOnlyForDeploymentPostprocessing = 0;
		};
		5B16CB912064625600A0DBCC /* Sources */ = {
			isa = PBXSourcesBuildPhase;
			buildActionMask = 2147483647;
			files = (
				5B16CB9A2064625600A0DBCC /* InstagramFinalProjectTests.swift in Sources */,
			);
			runOnlyForDeploymentPostprocessing = 0;
		};
		5B16CB9C2064625600A0DBCC /* Sources */ = {
			isa = PBXSourcesBuildPhase;
			buildActionMask = 2147483647;
			files = (
				5B16CBA52064625600A0DBCC /* InstagramFinalProjectUITests.swift in Sources */,
			);
			runOnlyForDeploymentPostprocessing = 0;
		};
/* End PBXSourcesBuildPhase section */

/* Begin PBXTargetDependency section */
		5B16CB972064625600A0DBCC /* PBXTargetDependency */ = {
			isa = PBXTargetDependency;
			target = 5B16CB7D2064625600A0DBCC /* InstagramFinalProject */;
			targetProxy = 5B16CB962064625600A0DBCC /* PBXContainerItemProxy */;
		};
		5B16CBA22064625600A0DBCC /* PBXTargetDependency */ = {
			isa = PBXTargetDependency;
			target = 5B16CB7D2064625600A0DBCC /* InstagramFinalProject */;
			targetProxy = 5B16CBA12064625600A0DBCC /* PBXContainerItemProxy */;
		};
/* End PBXTargetDependency section */

/* Begin PBXVariantGroup section */
		5B16CB852064625600A0DBCC /* Main.storyboard */ = {
			isa = PBXVariantGroup;
			children = (
				5B16CB862064625600A0DBCC /* Base */,
			);
			name = Main.storyboard;
			sourceTree = "<group>";
		};
		5B16CB8D2064625600A0DBCC /* LaunchScreen.storyboard */ = {
			isa = PBXVariantGroup;
			children = (
				5B16CB8E2064625600A0DBCC /* Base */,
			);
			name = LaunchScreen.storyboard;
			sourceTree = "<group>";
		};
/* End PBXVariantGroup section */

/* Begin XCBuildConfiguration section */
		5B16CBA72064625600A0DBCC /* Debug */ = {
			isa = XCBuildConfiguration;
			buildSettings = {
				ALWAYS_SEARCH_USER_PATHS = NO;
				CLANG_ANALYZER_NONNULL = YES;
				CLANG_ANALYZER_NUMBER_OBJECT_CONVERSION = YES_AGGRESSIVE;
				CLANG_CXX_LANGUAGE_STANDARD = "gnu++14";
				CLANG_CXX_LIBRARY = "libc++";
				CLANG_ENABLE_MODULES = YES;
				CLANG_ENABLE_OBJC_ARC = YES;
				CLANG_WARN_BLOCK_CAPTURE_AUTORELEASING = YES;
				CLANG_WARN_BOOL_CONVERSION = YES;
				CLANG_WARN_COMMA = YES;
				CLANG_WARN_CONSTANT_CONVERSION = YES;
				CLANG_WARN_DIRECT_OBJC_ISA_USAGE = YES_ERROR;
				CLANG_WARN_DOCUMENTATION_COMMENTS = YES;
				CLANG_WARN_EMPTY_BODY = YES;
				CLANG_WARN_ENUM_CONVERSION = YES;
				CLANG_WARN_INFINITE_RECURSION = YES;
				CLANG_WARN_INT_CONVERSION = YES;
				CLANG_WARN_NON_LITERAL_NULL_CONVERSION = YES;
				CLANG_WARN_OBJC_LITERAL_CONVERSION = YES;
				CLANG_WARN_OBJC_ROOT_CLASS = YES_ERROR;
				CLANG_WARN_RANGE_LOOP_ANALYSIS = YES;
				CLANG_WARN_STRICT_PROTOTYPES = YES;
				CLANG_WARN_SUSPICIOUS_MOVE = YES;
				CLANG_WARN_UNGUARDED_AVAILABILITY = YES_AGGRESSIVE;
				CLANG_WARN_UNREACHABLE_CODE = YES;
				CLANG_WARN__DUPLICATE_METHOD_MATCH = YES;
				CODE_SIGN_IDENTITY = "iPhone Developer";
				COPY_PHASE_STRIP = NO;
				DEBUG_INFORMATION_FORMAT = dwarf;
				ENABLE_STRICT_OBJC_MSGSEND = YES;
				ENABLE_TESTABILITY = YES;
				GCC_C_LANGUAGE_STANDARD = gnu11;
				GCC_DYNAMIC_NO_PIC = NO;
				GCC_NO_COMMON_BLOCKS = YES;
				GCC_OPTIMIZATION_LEVEL = 0;
				GCC_PREPROCESSOR_DEFINITIONS = (
					"DEBUG=1",
					"$(inherited)",
				);
				GCC_WARN_64_TO_32_BIT_CONVERSION = YES;
				GCC_WARN_ABOUT_RETURN_TYPE = YES_ERROR;
				GCC_WARN_UNDECLARED_SELECTOR = YES;
				GCC_WARN_UNINITIALIZED_AUTOS = YES_AGGRESSIVE;
				GCC_WARN_UNUSED_FUNCTION = YES;
				GCC_WARN_UNUSED_VARIABLE = YES;
				IPHONEOS_DEPLOYMENT_TARGET = 11.2;
				MTL_ENABLE_DEBUG_INFO = YES;
				ONLY_ACTIVE_ARCH = YES;
				SDKROOT = iphoneos;
				SWIFT_ACTIVE_COMPILATION_CONDITIONS = DEBUG;
				SWIFT_OPTIMIZATION_LEVEL = "-Onone";
			};
			name = Debug;
		};
		5B16CBA82064625600A0DBCC /* Release */ = {
			isa = XCBuildConfiguration;
			buildSettings = {
				ALWAYS_SEARCH_USER_PATHS = NO;
				CLANG_ANALYZER_NONNULL = YES;
				CLANG_ANALYZER_NUMBER_OBJECT_CONVERSION = YES_AGGRESSIVE;
				CLANG_CXX_LANGUAGE_STANDARD = "gnu++14";
				CLANG_CXX_LIBRARY = "libc++";
				CLANG_ENABLE_MODULES = YES;
				CLANG_ENABLE_OBJC_ARC = YES;
				CLANG_WARN_BLOCK_CAPTURE_AUTORELEASING = YES;
				CLANG_WARN_BOOL_CONVERSION = YES;
				CLANG_WARN_COMMA = YES;
				CLANG_WARN_CONSTANT_CONVERSION = YES;
				CLANG_WARN_DIRECT_OBJC_ISA_USAGE = YES_ERROR;
				CLANG_WARN_DOCUMENTATION_COMMENTS = YES;
				CLANG_WARN_EMPTY_BODY = YES;
				CLANG_WARN_ENUM_CONVERSION = YES;
				CLANG_WARN_INFINITE_RECURSION = YES;
				CLANG_WARN_INT_CONVERSION = YES;
				CLANG_WARN_NON_LITERAL_NULL_CONVERSION = YES;
				CLANG_WARN_OBJC_LITERAL_CONVERSION = YES;
				CLANG_WARN_OBJC_ROOT_CLASS = YES_ERROR;
				CLANG_WARN_RANGE_LOOP_ANALYSIS = YES;
				CLANG_WARN_STRICT_PROTOTYPES = YES;
				CLANG_WARN_SUSPICIOUS_MOVE = YES;
				CLANG_WARN_UNGUARDED_AVAILABILITY = YES_AGGRESSIVE;
				CLANG_WARN_UNREACHABLE_CODE = YES;
				CLANG_WARN__DUPLICATE_METHOD_MATCH = YES;
				CODE_SIGN_IDENTITY = "iPhone Developer";
				COPY_PHASE_STRIP = NO;
				DEBUG_INFORMATION_FORMAT = "dwarf-with-dsym";
				ENABLE_NS_ASSERTIONS = NO;
				ENABLE_STRICT_OBJC_MSGSEND = YES;
				GCC_C_LANGUAGE_STANDARD = gnu11;
				GCC_NO_COMMON_BLOCKS = YES;
				GCC_WARN_64_TO_32_BIT_CONVERSION = YES;
				GCC_WARN_ABOUT_RETURN_TYPE = YES_ERROR;
				GCC_WARN_UNDECLARED_SELECTOR = YES;
				GCC_WARN_UNINITIALIZED_AUTOS = YES_AGGRESSIVE;
				GCC_WARN_UNUSED_FUNCTION = YES;
				GCC_WARN_UNUSED_VARIABLE = YES;
				IPHONEOS_DEPLOYMENT_TARGET = 11.2;
				MTL_ENABLE_DEBUG_INFO = NO;
				SDKROOT = iphoneos;
				SWIFT_OPTIMIZATION_LEVEL = "-Owholemodule";
				VALIDATE_PRODUCT = YES;
			};
			name = Release;
		};
		5B16CBAA2064625600A0DBCC /* Debug */ = {
			isa = XCBuildConfiguration;
			baseConfigurationReference = EFCB9E61FBB797C0917BD53B /* Pods-InstagramFinalProject.debug.xcconfig */;
			buildSettings = {
				ASSETCATALOG_COMPILER_APPICON_NAME = AppIcon;
				CLANG_ENABLE_MODULES = YES;
				CODE_SIGN_STYLE = Automatic;
				DEVELOPMENT_TEAM = 5QS26FKQWC;
				INFOPLIST_FILE = InstagramFinalProject/Info.plist;
				LD_RUNPATH_SEARCH_PATHS = "$(inherited) @executable_path/Frameworks";
				PRODUCT_BUNDLE_IDENTIFIER = a.InstagramFinalProject;
				PRODUCT_NAME = "$(TARGET_NAME)";
				SWIFT_OPTIMIZATION_LEVEL = "-Onone";
				SWIFT_VERSION = 4.0;
				TARGETED_DEVICE_FAMILY = "1,2";
			};
			name = Debug;
		};
		5B16CBAB2064625600A0DBCC /* Release */ = {
			isa = XCBuildConfiguration;
			baseConfigurationReference = 58D9BDD29FA1CCEF67F38FA8 /* Pods-InstagramFinalProject.release.xcconfig */;
			buildSettings = {
				ASSETCATALOG_COMPILER_APPICON_NAME = AppIcon;
				CLANG_ENABLE_MODULES = YES;
				CODE_SIGN_STYLE = Automatic;
				DEVELOPMENT_TEAM = 5QS26FKQWC;
				INFOPLIST_FILE = InstagramFinalProject/Info.plist;
				LD_RUNPATH_SEARCH_PATHS = "$(inherited) @executable_path/Frameworks";
				PRODUCT_BUNDLE_IDENTIFIER = a.InstagramFinalProject;
				PRODUCT_NAME = "$(TARGET_NAME)";
				SWIFT_VERSION = 4.0;
				TARGETED_DEVICE_FAMILY = "1,2";
			};
			name = Release;
		};
		5B16CBAD2064625600A0DBCC /* Debug */ = {
			isa = XCBuildConfiguration;
			baseConfigurationReference = CF8B66F3105E24338353425D /* Pods-InstagramFinalProjectTests.debug.xcconfig */;
			buildSettings = {
				ALWAYS_EMBED_SWIFT_STANDARD_LIBRARIES = YES;
				BUNDLE_LOADER = "$(TEST_HOST)";
				CODE_SIGN_STYLE = Automatic;
				INFOPLIST_FILE = InstagramFinalProjectTests/Info.plist;
				LD_RUNPATH_SEARCH_PATHS = "$(inherited) @executable_path/Frameworks @loader_path/Frameworks";
				PRODUCT_BUNDLE_IDENTIFIER = a.InstagramFinalProjectTests;
				PRODUCT_NAME = "$(TARGET_NAME)";
				SWIFT_VERSION = 4.0;
				TARGETED_DEVICE_FAMILY = "1,2";
				TEST_HOST = "$(BUILT_PRODUCTS_DIR)/InstagramFinalProject.app/InstagramFinalProject";
			};
			name = Debug;
		};
		5B16CBAE2064625600A0DBCC /* Release */ = {
			isa = XCBuildConfiguration;
			baseConfigurationReference = 1379D8676382456D1DF5E145 /* Pods-InstagramFinalProjectTests.release.xcconfig */;
			buildSettings = {
				ALWAYS_EMBED_SWIFT_STANDARD_LIBRARIES = YES;
				BUNDLE_LOADER = "$(TEST_HOST)";
				CODE_SIGN_STYLE = Automatic;
				INFOPLIST_FILE = InstagramFinalProjectTests/Info.plist;
				LD_RUNPATH_SEARCH_PATHS = "$(inherited) @executable_path/Frameworks @loader_path/Frameworks";
				PRODUCT_BUNDLE_IDENTIFIER = a.InstagramFinalProjectTests;
				PRODUCT_NAME = "$(TARGET_NAME)";
				SWIFT_VERSION = 4.0;
				TARGETED_DEVICE_FAMILY = "1,2";
				TEST_HOST = "$(BUILT_PRODUCTS_DIR)/InstagramFinalProject.app/InstagramFinalProject";
			};
			name = Release;
		};
		5B16CBB02064625600A0DBCC /* Debug */ = {
			isa = XCBuildConfiguration;
			baseConfigurationReference = 2C8DF6809F88D676EDA6D56A /* Pods-InstagramFinalProjectUITests.debug.xcconfig */;
			buildSettings = {
				ALWAYS_EMBED_SWIFT_STANDARD_LIBRARIES = YES;
				CODE_SIGN_STYLE = Automatic;
				INFOPLIST_FILE = InstagramFinalProjectUITests/Info.plist;
				LD_RUNPATH_SEARCH_PATHS = "$(inherited) @executable_path/Frameworks @loader_path/Frameworks";
				PRODUCT_BUNDLE_IDENTIFIER = a.InstagramFinalProjectUITests;
				PRODUCT_NAME = "$(TARGET_NAME)";
				SWIFT_VERSION = 4.0;
				TARGETED_DEVICE_FAMILY = "1,2";
				TEST_TARGET_NAME = InstagramFinalProject;
			};
			name = Debug;
		};
		5B16CBB12064625600A0DBCC /* Release */ = {
			isa = XCBuildConfiguration;
			baseConfigurationReference = B53003DF3497DA4F24E745F6 /* Pods-InstagramFinalProjectUITests.release.xcconfig */;
			buildSettings = {
				ALWAYS_EMBED_SWIFT_STANDARD_LIBRARIES = YES;
				CODE_SIGN_STYLE = Automatic;
				INFOPLIST_FILE = InstagramFinalProjectUITests/Info.plist;
				LD_RUNPATH_SEARCH_PATHS = "$(inherited) @executable_path/Frameworks @loader_path/Frameworks";
				PRODUCT_BUNDLE_IDENTIFIER = a.InstagramFinalProjectUITests;
				PRODUCT_NAME = "$(TARGET_NAME)";
				SWIFT_VERSION = 4.0;
				TARGETED_DEVICE_FAMILY = "1,2";
				TEST_TARGET_NAME = InstagramFinalProject;
			};
			name = Release;
		};
/* End XCBuildConfiguration section */

/* Begin XCConfigurationList section */
		5B16CB792064625600A0DBCC /* Build configuration list for PBXProject "InstagramFinalProject" */ = {
			isa = XCConfigurationList;
			buildConfigurations = (
				5B16CBA72064625600A0DBCC /* Debug */,
				5B16CBA82064625600A0DBCC /* Release */,
			);
			defaultConfigurationIsVisible = 0;
			defaultConfigurationName = Release;
		};
		5B16CBA92064625600A0DBCC /* Build configuration list for PBXNativeTarget "InstagramFinalProject" */ = {
			isa = XCConfigurationList;
			buildConfigurations = (
				5B16CBAA2064625600A0DBCC /* Debug */,
				5B16CBAB2064625600A0DBCC /* Release */,
			);
			defaultConfigurationIsVisible = 0;
			defaultConfigurationName = Release;
		};
		5B16CBAC2064625600A0DBCC /* Build configuration list for PBXNativeTarget "InstagramFinalProjectTests" */ = {
			isa = XCConfigurationList;
			buildConfigurations = (
				5B16CBAD2064625600A0DBCC /* Debug */,
				5B16CBAE2064625600A0DBCC /* Release */,
			);
			defaultConfigurationIsVisible = 0;
			defaultConfigurationName = Release;
		};
		5B16CBAF2064625600A0DBCC /* Build configuration list for PBXNativeTarget "InstagramFinalProjectUITests" */ = {
			isa = XCConfigurationList;
			buildConfigurations = (
				5B16CBB02064625600A0DBCC /* Debug */,
				5B16CBB12064625600A0DBCC /* Release */,
			);
			defaultConfigurationIsVisible = 0;
			defaultConfigurationName = Release;
		};
/* End XCConfigurationList section */

/* Begin XCVersionGroup section */
		5B16CB882064625600A0DBCC /* InstagramFinalProject.xcdatamodeld */ = {
			isa = XCVersionGroup;
			children = (
				5B16CB892064625600A0DBCC /* InstagramFinalProject.xcdatamodel */,
			);
			currentVersion = 5B16CB892064625600A0DBCC /* InstagramFinalProject.xcdatamodel */;
			path = InstagramFinalProject.xcdatamodeld;
			sourceTree = "<group>";
			versionGroupType = wrapper.xcdatamodel;
		};
/* End XCVersionGroup section */
	};
	rootObject = 5B16CB762064625600A0DBCC /* Project object */;
}
